
Microsoft Visual Studio Solution File, Format Version 12.00
# Visual Studio Version 17
VisualStudioVersion = 17.0.31903.59
MinimumVisualStudioVersion = 10.0.40219.1
Project("{FAE04EC0-301F-11D3-BF4B-00C04F79EFBC}") = "FriendlyFireControls", "FriendlyFireControls\FriendlyFireControls.csproj", "{D8D2D4C4-4A46-4C93-B3F6-6E41B2A9F825}"
EndProject
Global
	GlobalSection(SolutionConfigurationPlatforms) = preSolution
		Debug|Any CPU = Debug|Any CPU
		Release|Any CPU = Release|Any CPU
	EndGlobalSection
	GlobalSection(SolutionProperties) = preSolution
		HideSolutionNode = FALSE
	EndGlobalSection
	GlobalSection(ProjectConfigurationPlatforms) = postSolution
		{D8D2D4C4-4A46-4C93-B3F6-6E41B2A9F825}.Debug|Any CPU.ActiveCfg = Debug|Any CPU
		{D8D2D4C4-4A46-4C93-B3F6-6E41B2A9F825}.Debug|Any CPU.Build.0 = Debug|Any CPU
		{D8D2D4C4-4A46-4C93-B3F6-6E41B2A9F825}.Release|Any CPU.ActiveCfg = Release|Any CPU
		{D8D2D4C4-4A46-4C93-B3F6-6E41B2A9F825}.Release|Any CPU.Build.0 = Release|Any CPU
		{D1EC0AE0-7B72-4FA8-AA2C-54441AE70E8E}.Debug|Any CPU.ActiveCfg = Debug|Any CPU
		{D1EC0AE0-7B72-4FA8-AA2C-54441AE70E8E}.Debug|Any CPU.Build.0 = Debug|Any CPU
		{D1EC0AE0-7B72-4FA8-AA2C-54441AE70E8E}.Release|Any CPU.ActiveCfg = Release|Any CPU
		{D1EC0AE0-7B72-4FA8-AA2C-54441AE70E8E}.Release|Any CPU.Build.0 = Release|Any CPU
		{74E1CA1B-631D-4B6B-AB7F-05AE7EACC693}.Debug|Any CPU.ActiveCfg = Debug|Any CPU
		{74E1CA1B-631D-4B6B-AB7F-05AE7EACC693}.Debug|Any CPU.Build.0 = Debug|Any CPU
		{74E1CA1B-631D-4B6B-AB7F-05AE7EACC693}.Release|Any CPU.ActiveCfg = Release|Any CPU
		{74E1CA1B-631D-4B6B-AB7F-05AE7EACC693}.Release|Any CPU.Build.0 = Release|Any CPU
	EndGlobalSection
EndGlobal
